
Microsoft Visual Studio Solution File, Format Version 11.00
# Visual Studio 2010
Project("{FAE04EC0-301F-11D3-BF4B-00C04F79EFBC}") = "Lucidity.Engine", "Lucidity.Engine\Lucidity.Engine.csproj", "{86286D7B-D344-4D2A-BD13-D977307B939A}"
EndProject
Project("{FAE04EC0-301F-11D3-BF4B-00C04F79EFBC}") = "Lucidity.Tests", "Lucidity.Tests\Lucidity.Tests.csproj", "{490B9D83-CAFF-4373-8A28-73F942AD5C9C}"
EndProject
Project("{2150E333-8FDC-42A3-9474-1A3956D46DE8}") = "Solution Items", "Solution Items", "{9069E7D3-C428-4E23-A2F5-EEB2E6D77579}"
	ProjectSection(SolutionItems) = preProject
		Local.testsettings = Local.testsettings
		Lucidity.vsmdi = Lucidity.vsmdi
		TraceAndTestImpact.testsettings = TraceAndTestImpact.testsettings
	EndProjectSection
EndProject
Project("{FAE04EC0-301F-11D3-BF4B-00C04F79EFBC}") = "Lucidity.WinForms", "Lucidity.WinForms\Lucidity.WinForms.csproj", "{B9FF4BE8-EFC8-4E24-BFB7-A7726E61001C}"
EndProject
Project("{FAE04EC0-301F-11D3-BF4B-00C04F79EFBC}") = "Lucidity.StandardTypes", "Lucidity.StandardTypes\Lucidity.StandardTypes.csproj", "{42BD7B16-CD36-4D41-9D8E-541E03491D54}"
EndProject
Global
	GlobalSection(TestCaseManagementSettings) = postSolution
		CategoryFile = Lucidity.vsmdi
	EndGlobalSection
	GlobalSection(SolutionConfigurationPlatforms) = preSolution
		Debug|Any CPU = Debug|Any CPU
		Debug|Mixed Platforms = Debug|Mixed Platforms
		Debug|x86 = Debug|x86
		Release|Any CPU = Release|Any CPU
		Release|Mixed Platforms = Release|Mixed Platforms
		Release|x86 = Release|x86
	EndGlobalSection
	GlobalSection(ProjectConfigurationPlatforms) = postSolution
		{86286D7B-D344-4D2A-BD13-D977307B939A}.Debug|Any CPU.ActiveCfg = Debug|Any CPU
		{86286D7B-D344-4D2A-BD13-D977307B939A}.Debug|Any CPU.Build.0 = Debug|Any CPU
		{86286D7B-D344-4D2A-BD13-D977307B939A}.Debug|Mixed Platforms.ActiveCfg = Debug|Any CPU
		{86286D7B-D344-4D2A-BD13-D977307B939A}.Debug|Mixed Platforms.Build.0 = Debug|Any CPU
		{86286D7B-D344-4D2A-BD13-D977307B939A}.Debug|x86.ActiveCfg = Debug|Any CPU
		{86286D7B-D344-4D2A-BD13-D977307B939A}.Release|Any CPU.ActiveCfg = Release|Any CPU
		{86286D7B-D344-4D2A-BD13-D977307B939A}.Release|Any CPU.Build.0 = Release|Any CPU
		{86286D7B-D344-4D2A-BD13-D977307B939A}.Release|Mixed Platforms.ActiveCfg = Release|Any CPU
		{86286D7B-D344-4D2A-BD13-D977307B939A}.Release|Mixed Platforms.Build.0 = Release|Any CPU
		{86286D7B-D344-4D2A-BD13-D977307B939A}.Release|x86.ActiveCfg = Release|Any CPU
		{490B9D83-CAFF-4373-8A28-73F942AD5C9C}.Debug|Any CPU.ActiveCfg = Debug|Any CPU
		{490B9D83-CAFF-4373-8A28-73F942AD5C9C}.Debug|Any CPU.Build.0 = Debug|Any CPU
		{490B9D83-CAFF-4373-8A28-73F942AD5C9C}.Debug|Mixed Platforms.ActiveCfg = Debug|Any CPU
		{490B9D83-CAFF-4373-8A28-73F942AD5C9C}.Debug|Mixed Platforms.Build.0 = Debug|Any CPU
		{490B9D83-CAFF-4373-8A28-73F942AD5C9C}.Debug|x86.ActiveCfg = Debug|Any CPU
		{490B9D83-CAFF-4373-8A28-73F942AD5C9C}.Release|Any CPU.ActiveCfg = Release|Any CPU
		{490B9D83-CAFF-4373-8A28-73F942AD5C9C}.Release|Any CPU.Build.0 = Release|Any CPU
		{490B9D83-CAFF-4373-8A28-73F942AD5C9C}.Release|Mixed Platforms.ActiveCfg = Release|Any CPU
		{490B9D83-CAFF-4373-8A28-73F942AD5C9C}.Release|Mixed Platforms.Build.0 = Release|Any CPU
		{490B9D83-CAFF-4373-8A28-73F942AD5C9C}.Release|x86.ActiveCfg = Release|Any CPU
		{B9FF4BE8-EFC8-4E24-BFB7-A7726E61001C}.Debug|Any CPU.ActiveCfg = Debug|x86
		{B9FF4BE8-EFC8-4E24-BFB7-A7726E61001C}.Debug|Mixed Platforms.ActiveCfg = Debug|x86
		{B9FF4BE8-EFC8-4E24-BFB7-A7726E61001C}.Debug|Mixed Platforms.Build.0 = Debug|x86
		{B9FF4BE8-EFC8-4E24-BFB7-A7726E61001C}.Debug|x86.ActiveCfg = Debug|x86
		{B9FF4BE8-EFC8-4E24-BFB7-A7726E61001C}.Debug|x86.Build.0 = Debug|x86
		{B9FF4BE8-EFC8-4E24-BFB7-A7726E61001C}.Release|Any CPU.ActiveCfg = Release|x86
		{B9FF4BE8-EFC8-4E24-BFB7-A7726E61001C}.Release|Mixed Platforms.ActiveCfg = Release|x86
		{B9FF4BE8-EFC8-4E24-BFB7-A7726E61001C}.Release|Mixed Platforms.Build.0 = Release|x86
		{B9FF4BE8-EFC8-4E24-BFB7-A7726E61001C}.Release|x86.ActiveCfg = Release|x86
		{B9FF4BE8-EFC8-4E24-BFB7-A7726E61001C}.Release|x86.Build.0 = Release|x86
		{42BD7B16-CD36-4D41-9D8E-541E03491D54}.Debug|Any CPU.ActiveCfg = Debug|Any CPU
		{42BD7B16-CD36-4D41-9D8E-541E03491D54}.Debug|Any CPU.Build.0 = Debug|Any CPU
		{42BD7B16-CD36-4D41-9D8E-541E03491D54}.Debug|Mixed Platforms.ActiveCfg = Debug|Any CPU
		{42BD7B16-CD36-4D41-9D8E-541E03491D54}.Debug|Mixed Platforms.Build.0 = Debug|Any CPU
		{42BD7B16-CD36-4D41-9D8E-541E03491D54}.Debug|x86.ActiveCfg = Debug|Any CPU
		{42BD7B16-CD36-4D41-9D8E-541E03491D54}.Release|Any CPU.ActiveCfg = Release|Any CPU
		{42BD7B16-CD36-4D41-9D8E-541E03491D54}.Release|Any CPU.Build.0 = Release|Any CPU
		{42BD7B16-CD36-4D41-9D8E-541E03491D54}.Release|Mixed Platforms.ActiveCfg = Release|Any CPU
		{42BD7B16-CD36-4D41-9D8E-541E03491D54}.Release|Mixed Platforms.Build.0 = Release|Any CPU
		{42BD7B16-CD36-4D41-9D8E-541E03491D54}.Release|x86.ActiveCfg = Release|Any CPU
	EndGlobalSection
	GlobalSection(SolutionProperties) = preSolution
		HideSolutionNode = FALSE
	EndGlobalSection
EndGlobal
